github.com/tanzeelalam/dog v0.0.0-20240815064859-66b95cdc8ade h1:uKD5SE6igJCtRJZwCQYjjsyljt4lxG0D9pnQhKAa7DQ=
github.com/tanzeelalam/dog v0.0.0-20240815064859-66b95cdc8ade/go.mod h1:YsA0OS2e/VfDUL66jSej/X8ltN+SQdl8s4inIRcTWEc=
github.com/tanzeelalam/dog v0.0.0-20240815070013-f7caf2c8ca8f h1:ZDqw4qjAHpFzA+ocII5Ydx0sbHj80C+G2KhBOio6alw=
github.com/tanzeelalam/dog v0.0.0-20240815070013-f7caf2c8ca8f/go.mod h1:YsA0OS2e/VfDUL66jSej/X8ltN+SQdl8s4inIRcTWEc=
